
Microsoft Visual Studio Solution File, Format Version 12.00
# Visual Studio Version 17
VisualStudioVersion = 17.0.32112.339
MinimumVisualStudioVersion = 10.0.40219.1
Project("{FAE04EC0-301F-11D3-BF4B-00C04F79EFBC}") = "Book-Manager", "Book-Manager\Book-Manager.csproj", "{36E02377-5B57-454E-83B8-983CC08FEC16}"
EndProject
Global
	GlobalSection(SolutionConfigurationPlatforms) = preSolution
		Debug|Any CPU = Debug|Any CPU
		Release|Any CPU = Release|Any CPU
	EndGlobalSection
	GlobalSection(ProjectConfigurationPlatforms) = postSolution
		{36E02377-5B57-454E-83B8-983CC08FEC16}.Debug|Any CPU.ActiveCfg = Debug|Any CPU
		{36E02377-5B57-454E-83B8-983CC08FEC16}.Debug|Any CPU.Build.0 = Debug|Any CPU
		{36E02377-5B57-454E-83B8-983CC08FEC16}.Release|Any CPU.ActiveCfg = Release|Any CPU
		{36E02377-5B57-454E-83B8-983CC08FEC16}.Release|Any CPU.Build.0 = Release|Any CPU
	EndGlobalSection
	GlobalSection(SolutionProperties) = preSolution
		HideSolutionNode = FALSE
	EndGlobalSection
	GlobalSection(ExtensibilityGlobals) = postSolution
		SolutionGuid = {256825A8-1DEA-4A86-A4E0-4D8F72B3C9AF}
	EndGlobalSection
EndGlobal
